
Microsoft Visual Studio Solution File, Format Version 12.00
# Visual Studio Version 16
VisualStudioVersion = 16.0.30523.141
MinimumVisualStudioVersion = 10.0.40219.1
Project("{FAE04EC0-301F-11D3-BF4B-00C04F79EFBC}") = "PostandComment", "PostandComment\PostandComment.csproj", "{920CCB02-C132-4871-B4DF-AEDB846C443B}"
EndProject
Global
	GlobalSection(SolutionConfigurationPlatforms) = preSolution
		Debug|Any CPU = Debug|Any CPU
		Release|Any CPU = Release|Any CPU
	EndGlobalSection
	GlobalSection(ProjectConfigurationPlatforms) = postSolution
		{920CCB02-C132-4871-B4DF-AEDB846C443B}.Debug|Any CPU.ActiveCfg = Debug|Any CPU
		{920CCB02-C132-4871-B4DF-AEDB846C443B}.Debug|Any CPU.Build.0 = Debug|Any CPU
		{920CCB02-C132-4871-B4DF-AEDB846C443B}.Release|Any CPU.ActiveCfg = Release|Any CPU
		{920CCB02-C132-4871-B4DF-AEDB846C443B}.Release|Any CPU.Build.0 = Release|Any CPU
	EndGlobalSection
	GlobalSection(SolutionProperties) = preSolution
		HideSolutionNode = FALSE
	EndGlobalSection
	GlobalSection(ExtensibilityGlobals) = postSolution
		SolutionGuid = {E76C8085-FD43-4EA6-8F67-D8E822FDF5AE}
	EndGlobalSection
EndGlobal
